
Microsoft Visual Studio Solution File, Format Version 12.00
# Visual Studio Version 16
VisualStudioVersion = 16.0.31105.61
MinimumVisualStudioVersion = 10.0.40219.1
Project("{FAE04EC0-301F-11D3-BF4B-00C04F79EFBC}") = "BoolsAndCows", "BoolsAndCows.csproj", "{C1A5E0B8-914B-4125-A48C-AD6DED00096B}"
EndProject
Global
	GlobalSection(SolutionConfigurationPlatforms) = preSolution
		Debug|Any CPU = Debug|Any CPU
		Release|Any CPU = Release|Any CPU
	EndGlobalSection
	GlobalSection(ProjectConfigurationPlatforms) = postSolution
		{C1A5E0B8-914B-4125-A48C-AD6DED00096B}.Debug|Any CPU.ActiveCfg = Debug|Any CPU
		{C1A5E0B8-914B-4125-A48C-AD6DED00096B}.Debug|Any CPU.Build.0 = Debug|Any CPU
		{C1A5E0B8-914B-4125-A48C-AD6DED00096B}.Release|Any CPU.ActiveCfg = Release|Any CPU
		{C1A5E0B8-914B-4125-A48C-AD6DED00096B}.Release|Any CPU.Build.0 = Release|Any CPU
	EndGlobalSection
	GlobalSection(SolutionProperties) = preSolution
		HideSolutionNode = FALSE
	EndGlobalSection
	GlobalSection(ExtensibilityGlobals) = postSolution
		SolutionGuid = {66FAAE4E-B146-45C4-BB68-4201F946DEF5}
	EndGlobalSection
EndGlobal
