
Microsoft Visual Studio Solution File, Format Version 12.00
# Visual Studio Version 16
VisualStudioVersion = 16.0.31313.79
MinimumVisualStudioVersion = 10.0.40219.1
Project("{FAE04EC0-301F-11D3-BF4B-00C04F79EFBC}") = "CreationDbCodeFirstForEducationPrtal", "CreationDbCodeFirstForEducationPrtal.csproj", "{F7E2359C-EE11-4199-86A2-A4F48F6C5C4B}"
EndProject
Global
	GlobalSection(SolutionConfigurationPlatforms) = preSolution
		Debug|Any CPU = Debug|Any CPU
		Release|Any CPU = Release|Any CPU
	EndGlobalSection
	GlobalSection(ProjectConfigurationPlatforms) = postSolution
		{F7E2359C-EE11-4199-86A2-A4F48F6C5C4B}.Debug|Any CPU.ActiveCfg = Debug|Any CPU
		{F7E2359C-EE11-4199-86A2-A4F48F6C5C4B}.Debug|Any CPU.Build.0 = Debug|Any CPU
		{F7E2359C-EE11-4199-86A2-A4F48F6C5C4B}.Release|Any CPU.ActiveCfg = Release|Any CPU
		{F7E2359C-EE11-4199-86A2-A4F48F6C5C4B}.Release|Any CPU.Build.0 = Release|Any CPU
	EndGlobalSection
	GlobalSection(SolutionProperties) = preSolution
		HideSolutionNode = FALSE
	EndGlobalSection
	GlobalSection(ExtensibilityGlobals) = postSolution
		SolutionGuid = {9B9ABFDE-C7DE-4A28-BB1F-1A95CDB820AC}
	EndGlobalSection
EndGlobal
