
Microsoft Visual Studio Solution File, Format Version 12.00
# Visual Studio Version 16
VisualStudioVersion = 16.0.31313.79
MinimumVisualStudioVersion = 10.0.40219.1
Project("{FAE04EC0-301F-11D3-BF4B-00C04F79EFBC}") = "AdoNetPractice", "AdoNetPractice.csproj", "{D302D91A-01CB-40EB-ABE1-6DB3BC6BE68B}"
EndProject
Global
	GlobalSection(SolutionConfigurationPlatforms) = preSolution
		Debug|Any CPU = Debug|Any CPU
		Release|Any CPU = Release|Any CPU
	EndGlobalSection
	GlobalSection(ProjectConfigurationPlatforms) = postSolution
		{D302D91A-01CB-40EB-ABE1-6DB3BC6BE68B}.Debug|Any CPU.ActiveCfg = Debug|Any CPU
		{D302D91A-01CB-40EB-ABE1-6DB3BC6BE68B}.Debug|Any CPU.Build.0 = Debug|Any CPU
		{D302D91A-01CB-40EB-ABE1-6DB3BC6BE68B}.Release|Any CPU.ActiveCfg = Release|Any CPU
		{D302D91A-01CB-40EB-ABE1-6DB3BC6BE68B}.Release|Any CPU.Build.0 = Release|Any CPU
	EndGlobalSection
	GlobalSection(SolutionProperties) = preSolution
		HideSolutionNode = FALSE
	EndGlobalSection
	GlobalSection(ExtensibilityGlobals) = postSolution
		SolutionGuid = {FB99F4C0-9950-4629-9782-BD120DA0CB33}
	EndGlobalSection
EndGlobal
